PODS:
  - Alamofire (5.0.0-rc.3)
  - lottie-ios (3.1.5)

DEPENDENCIES:
  - Alamofire (~> 5.0.0-rc.3)
  - lottie-ios

SPEC REPOS:
  trunk:
    - Alamofire
    - lottie-ios

SPEC CHECKSUMS:
  Alamofire: ca8c0de6906873be89d6deec5c8de279e00bf872
  lottie-ios: 32bf84389337d86fbc8b12266e88452e0abf1dee

PODFILE CHECKSUM: 8e8b5e72436c3864f1eeabb8a71e05ab02abf6bd

COCOAPODS: 1.8.4
